
Microsoft Visual Studio Solution File, Format Version 12.00
# Visual Studio Version 17
VisualStudioVersion = 17.2.32519.379
MinimumVisualStudioVersion = 10.0.40219.1
Project("{FAE04EC0-301F-11D3-BF4B-00C04F79EFBC}") = "HW_String_Data_Types", "String_Data_Types_HW\HW_String_Data_Types.csproj", "{442ACD34-3F48-49F0-84E4-5049EDD552C7}"
EndProject
Global
	GlobalSection(SolutionConfigurationPlatforms) = preSolution
		Debug|Any CPU = Debug|Any CPU
		Release|Any CPU = Release|Any CPU
	EndGlobalSection
	GlobalSection(ProjectConfigurationPlatforms) = postSolution
		{442ACD34-3F48-49F0-84E4-5049EDD552C7}.Debug|Any CPU.ActiveCfg = Debug|Any CPU
		{442ACD34-3F48-49F0-84E4-5049EDD552C7}.Debug|Any CPU.Build.0 = Debug|Any CPU
		{442ACD34-3F48-49F0-84E4-5049EDD552C7}.Release|Any CPU.ActiveCfg = Release|Any CPU
		{442ACD34-3F48-49F0-84E4-5049EDD552C7}.Release|Any CPU.Build.0 = Release|Any CPU
	EndGlobalSection
	GlobalSection(SolutionProperties) = preSolution
		HideSolutionNode = FALSE
	EndGlobalSection
	GlobalSection(ExtensibilityGlobals) = postSolution
		SolutionGuid = {4E054E06-6949-4C50-86CF-7DC27E382BD1}
	EndGlobalSection
EndGlobal
